
Microsoft Visual Studio Solution File, Format Version 12.00
# Visual Studio Version 16
VisualStudioVersion = 16.0.29806.167
MinimumVisualStudioVersion = 10.0.40219.1
Project("{FAE04EC0-301F-11D3-BF4B-00C04F79EFBC}") = "QuanLyNoiDung", "..\level1ManagerCinemas\QuanLyNoiDung.csproj", "{2A92E4B8-C184-4D13-A80C-9B1D0CA3A805}"
EndProject
Project("{FAE04EC0-301F-11D3-BF4B-00C04F79EFBC}") = "QuanLyPhongVe", "QuanLyPhongVe\QuanLyPhongVe.csproj", "{002DE409-72F1-45DA-B967-6D0E05BE579F}"
EndProject
Project("{FAE04EC0-301F-11D3-BF4B-00C04F79EFBC}") = "BanVe", "BanVe\BanVe.csproj", "{EB296B74-2C7F-4F35-96CD-18B918FE5D84}"
EndProject
Project("{FAE04EC0-301F-11D3-BF4B-00C04F79EFBC}") = "WebBanVe", "WebBanVe\WebBanVe.csproj", "{9B519E84-85D2-4E54-B151-5DB32C4990F5}"
EndProject
Global
	GlobalSection(SolutionConfigurationPlatforms) = preSolution
		Debug|Any CPU = Debug|Any CPU
		Release|Any CPU = Release|Any CPU
	EndGlobalSection
	GlobalSection(ProjectConfigurationPlatforms) = postSolution
		{2A92E4B8-C184-4D13-A80C-9B1D0CA3A805}.Debug|Any CPU.ActiveCfg = Debug|Any CPU
		{2A92E4B8-C184-4D13-A80C-9B1D0CA3A805}.Debug|Any CPU.Build.0 = Debug|Any CPU
		{2A92E4B8-C184-4D13-A80C-9B1D0CA3A805}.Release|Any CPU.ActiveCfg = Release|Any CPU
		{2A92E4B8-C184-4D13-A80C-9B1D0CA3A805}.Release|Any CPU.Build.0 = Release|Any CPU
		{002DE409-72F1-45DA-B967-6D0E05BE579F}.Debug|Any CPU.ActiveCfg = Debug|Any CPU
		{002DE409-72F1-45DA-B967-6D0E05BE579F}.Debug|Any CPU.Build.0 = Debug|Any CPU
		{002DE409-72F1-45DA-B967-6D0E05BE579F}.Release|Any CPU.ActiveCfg = Release|Any CPU
		{002DE409-72F1-45DA-B967-6D0E05BE579F}.Release|Any CPU.Build.0 = Release|Any CPU
		{EB296B74-2C7F-4F35-96CD-18B918FE5D84}.Debug|Any CPU.ActiveCfg = Debug|Any CPU
		{EB296B74-2C7F-4F35-96CD-18B918FE5D84}.Debug|Any CPU.Build.0 = Debug|Any CPU
		{EB296B74-2C7F-4F35-96CD-18B918FE5D84}.Release|Any CPU.ActiveCfg = Release|Any CPU
		{EB296B74-2C7F-4F35-96CD-18B918FE5D84}.Release|Any CPU.Build.0 = Release|Any CPU
		{9B519E84-85D2-4E54-B151-5DB32C4990F5}.Debug|Any CPU.ActiveCfg = Debug|Any CPU
		{9B519E84-85D2-4E54-B151-5DB32C4990F5}.Debug|Any CPU.Build.0 = Debug|Any CPU
		{9B519E84-85D2-4E54-B151-5DB32C4990F5}.Release|Any CPU.ActiveCfg = Release|Any CPU
		{9B519E84-85D2-4E54-B151-5DB32C4990F5}.Release|Any CPU.Build.0 = Release|Any CPU
	EndGlobalSection
	GlobalSection(SolutionProperties) = preSolution
		HideSolutionNode = FALSE
	EndGlobalSection
	GlobalSection(ExtensibilityGlobals) = postSolution
		SolutionGuid = {EFFDCA80-E9A3-4169-BB92-734B9F432801}
	EndGlobalSection
EndGlobal
